// !$*UTF8*$!
{
	archiveVersion = 1;
	classes = {
	};
	objectVersion = 46;
	objects = {

/* Begin PBXBuildFile section */
		503445F71F3DB3EA0039D5E4 /* AppDelegate.swift in Sources */ = {isa = PBXBuildFile; fileRef = 503445F61F3DB3EA0039D5E4 /* AppDelegate.swift */; };
		503445F91F3DB3EA0039D5E4 /* ViewController.swift in Sources */ = {isa = PBXBuildFile; fileRef = 503445F81F3DB3EA0039D5E4 /* ViewController.swift */; };
		503445FC1F3DB3EA0039D5E4 /* Main.storyboard in Resources */ = {isa = PBXBuildFile; fileRef = 503445FA1F3DB3EA0039D5E4 /* Main.storyboard */; };
		503445FE1F3DB3EA0039D5E4 /* Assets.xcassets in Resources */ = {isa = PBXBuildFile; fileRef = 503445FD1F3DB3EA0039D5E4 /* Assets.xcassets */; };
		503446011F3DB3EA0039D5E4 /* LaunchScreen.storyboard in Resources */ = {isa = PBXBuildFile; fileRef = 503445FF1F3DB3EA0039D5E4 /* LaunchScreen.storyboard */; };
		5034461E1F3DB5630039D5E4 /* Mocker.framework in Frameworks */ = {isa = PBXBuildFile; fileRef = 5034460F1F3DB4330039D5E4 /* Mocker.framework */; };
		5034461F1F3DB5700039D5E4 /* Mocker.framework in Frameworks */ = {isa = PBXBuildFile; fileRef = 5034460F1F3DB4330039D5E4 /* Mocker.framework */; };
		503446201F3DB5700039D5E4 /* Mocker.framework in Embed Frameworks */ = {isa = PBXBuildFile; fileRef = 5034460F1F3DB4330039D5E4 /* Mocker.framework */; settings = {ATTRIBUTES = (CodeSignOnCopy, RemoveHeadersOnCopy, ); }; };
/* End PBXBuildFile section */

/* Begin PBXContainerItemProxy section */
		5034460E1F3DB4330039D5E4 /* PBXContainerItemProxy */ = {
			isa = PBXContainerItemProxy;
			containerPortal = 503446091F3DB4330039D5E4 /* Mocker.xcodeproj */;
			proxyType = 2;
			remoteGlobalIDString = 501E26941F3DAE370048F39E;
			remoteInfo = Mocker;
		};
		503446101F3DB4330039D5E4 /* PBXContainerItemProxy */ = {
			isa = PBXContainerItemProxy;
			containerPortal = 503446091F3DB4330039D5E4 /* Mocker.xcodeproj */;
			proxyType = 2;
			remoteGlobalIDString = 501E269D1F3DAE370048F39E;
			remoteInfo = MockerTests;
		};
		5034461A1F3DB55A0039D5E4 /* PBXContainerItemProxy */ = {
			isa = PBXContainerItemProxy;
			containerPortal = 503446091F3DB4330039D5E4 /* Mocker.xcodeproj */;
			proxyType = 1;
			remoteGlobalIDString = 501E26931F3DAE370048F39E;
			remoteInfo = Mocker;
		};
		503446211F3DB5700039D5E4 /* PBXContainerItemProxy */ = {
			isa = PBXContainerItemProxy;
			containerPortal = 503446091F3DB4330039D5E4 /* Mocker.xcodeproj */;
			proxyType = 1;
			remoteGlobalIDString = 501E26931F3DAE370048F39E;
			remoteInfo = Mocker;
		};
/* End PBXContainerItemProxy section */

/* Begin PBXCopyFilesBuildPhase section */
		503446231F3DB5700039D5E4 /* Embed Frameworks */ = {
			isa = PBXCopyFilesBuildPhase;
			buildActionMask = 2147483647;
			dstPath = "";
			dstSubfolderSpec = 10;
			files = (
				503446201F3DB5700039D5E4 /* Mocker.framework in Embed Frameworks */,
			);
			name = "Embed Frameworks";
			runOnlyForDeploymentPostprocessing = 0;
		};
/* End PBXCopyFilesBuildPhase section */

/* Begin PBXFileReference section */
		503445F31F3DB3EA0039D5E4 /* Mocker-Example.app */ = {isa = PBXFileReference; explicitFileType = wrapper.application; includeInIndex = 0; path = "Mocker-Example.app"; sourceTree = BUILT_PRODUCTS_DIR; };
		503445F61F3DB3EA0039D5E4 /* AppDelegate.swift */ = {isa = PBXFileReference; lastKnownFileType = sourcecode.swift; path = AppDelegate.swift; sourceTree = "<group>"; };
		503445F81F3DB3EA0039D5E4 /* ViewController.swift */ = {isa = PBXFileReference; lastKnownFileType = sourcecode.swift; path = ViewController.swift; sourceTree = "<group>"; };
		503445FB1F3DB3EA0039D5E4 /* Base */ = {isa = PBXFileReference; lastKnownFileType = file.storyboard; name = Base; path = Base.lproj/Main.storyboard; sourceTree = "<group>"; };
		503445FD1F3DB3EA0039D5E4 /* Assets.xcassets */ = {isa = PBXFileReference; lastKnownFileType = folder.assetcatalog; path = Assets.xcassets; sourceTree = "<group>"; };
		503446001F3DB3EA0039D5E4 /* Base */ = {isa = PBXFileReference; lastKnownFileType = file.storyboard; name = Base; path = Base.lproj/LaunchScreen.storyboard; sourceTree = "<group>"; };
		503446021F3DB3EA0039D5E4 /* Info.plist */ = {isa = PBXFileReference; lastKnownFileType = text.plist.xml; path = Info.plist; sourceTree = "<group>"; };
		503446091F3DB4330039D5E4 /* Mocker.xcodeproj */ = {isa = PBXFileReference; lastKnownFileType = "wrapper.pb-project"; name = Mocker.xcodeproj; path = ../Mocker.xcodeproj; sourceTree = "<group>"; };
/* End PBXFileReference section */

/* Begin PBXFrameworksBuildPhase section */
		503445F01F3DB3EA0039D5E4 /* Frameworks */ = {
			isa = PBXFrameworksBuildPhase;
			buildActionMask = 2147483647;
			files = (
				5034461E1F3DB5630039D5E4 /* Mocker.framework in Frameworks */,
				5034461F1F3DB5700039D5E4 /* Mocker.framework in Frameworks */,
			);
			runOnlyForDeploymentPostprocessing = 0;
		};
/* End PBXFrameworksBuildPhase section */

/* Begin PBXGroup section */
		503445EA1F3DB3E90039D5E4 = {
			isa = PBXGroup;
			children = (
				503445F51F3DB3EA0039D5E4 /* Mocker-Example */,
				503445F41F3DB3EA0039D5E4 /* Products */,
				503446091F3DB4330039D5E4 /* Mocker.xcodeproj */,
			);
			sourceTree = "<group>";
		};
		503445F41F3DB3EA0039D5E4 /* Products */ = {
			isa = PBXGroup;
			children = (
				503445F31F3DB3EA0039D5E4 /* Mocker-Example.app */,
			);
			name = Products;
			sourceTree = "<group>";
		};
		503445F51F3DB3EA0039D5E4 /* Mocker-Example */ = {
			isa = PBXGroup;
			children = (
				503445F61F3DB3EA0039D5E4 /* AppDelegate.swift */,
				503445F81F3DB3EA0039D5E4 /* ViewController.swift */,
				503445FA1F3DB3EA0039D5E4 /* Main.storyboard */,
				503445FD1F3DB3EA0039D5E4 /* Assets.xcassets */,
				503445FF1F3DB3EA0039D5E4 /* LaunchScreen.storyboard */,
				503446021F3DB3EA0039D5E4 /* Info.plist */,
			);
			path = "Mocker-Example";
			sourceTree = "<group>";
		};
		5034460A1F3DB4330039D5E4 /* Products */ = {
			isa = PBXGroup;
			children = (
				5034460F1F3DB4330039D5E4 /* Mocker.framework */,
				503446111F3DB4330039D5E4 /* MockerTests.xctest */,
			);
			name = Products;
			sourceTree = "<group>";
		};
/* End PBXGroup section */

/* Begin PBXNativeTarget section */
		503445F21F3DB3EA0039D5E4 /* Mocker-Example */ = {
			isa = PBXNativeTarget;
			buildConfigurationList = 503446051F3DB3EA0039D5E4 /* Build configuration list for PBXNativeTarget "Mocker-Example" */;
			buildPhases = (
				503445EF1F3DB3EA0039D5E4 /* Sources */,
				503445F01F3DB3EA0039D5E4 /* Frameworks */,
				503445F11F3DB3EA0039D5E4 /* Resources */,
				503446231F3DB5700039D5E4 /* Embed Frameworks */,
			);
			buildRules = (
			);
			dependencies = (
				5034461B1F3DB55A0039D5E4 /* PBXTargetDependency */,
				503446221F3DB5700039D5E4 /* PBXTargetDependency */,
			);
			name = "Mocker-Example";
			productName = "Mocker-Example";
			productReference = 503445F31F3DB3EA0039D5E4 /* Mocker-Example.app */;
			productType = "com.apple.product-type.application";
		};
/* End PBXNativeTarget section */

/* Begin PBXProject section */
		503445EB1F3DB3E90039D5E4 /* Project object */ = {
			isa = PBXProject;
			attributes = {
				LastSwiftUpdateCheck = 0830;
				LastUpgradeCheck = 0830;
				ORGANIZATIONNAME = WeTransfer;
				TargetAttributes = {
					503445F21F3DB3EA0039D5E4 = {
						CreatedOnToolsVersion = 8.3.3;
						DevelopmentTeam = GLJTT4T544;
						ProvisioningStyle = Automatic;
					};
				};
			};
			buildConfigurationList = 503445EE1F3DB3E90039D5E4 /* Build configuration list for PBXProject "Mocker-Example" */;
			compatibilityVersion = "Xcode 3.2";
			developmentRegion = English;
			hasScannedForEncodings = 0;
			knownRegions = (
				en,
				Base,
			);
			mainGroup = 503445EA1F3DB3E90039D5E4;
			productRefGroup = 503445F41F3DB3EA0039D5E4 /* Products */;
			projectDirPath = "";
			projectReferences = (
				{
					ProductGroup = 5034460A1F3DB4330039D5E4 /* Products */;
					ProjectRef = 503446091F3DB4330039D5E4 /* Mocker.xcodeproj */;
				},
			);
			projectRoot = "";
			targets = (
				503445F21F3DB3EA0039D5E4 /* Mocker-Example */,
			);
		};
/* End PBXProject section */

/* Begin PBXReferenceProxy section */
		5034460F1F3DB4330039D5E4 /* Mocker.framework */ = {
			isa = PBXReferenceProxy;
			fileType = wrapper.framework;
			path = Mocker.framework;
			remoteRef = 5034460E1F3DB4330039D5E4 /* PBXContainerItemProxy */;
			sourceTree = BUILT_PRODUCTS_DIR;
		};
		503446111F3DB4330039D5E4 /* MockerTests.xctest */ = {
			isa = PBXReferenceProxy;
			fileType = wrapper.cfbundle;
			path = MockerTests.xctest;
			remoteRef = 503446101F3DB4330039D5E4 /* PBXContainerItemProxy */;
			sourceTree = BUILT_PRODUCTS_DIR;
		};
/* End PBXReferenceProxy section */

/* Begin PBXResourcesBuildPhase section */
		503445F11F3DB3EA0039D5E4 /* Resources */ = {
			isa = PBXResourcesBuildPhase;
			buildActionMask = 2147483647;
			files = (
				503446011F3DB3EA0039D5E4 /* LaunchScreen.storyboard in Resources */,
				503445FE1F3DB3EA0039D5E4 /* Assets.xcassets in Resources */,
				503445FC1F3DB3EA0039D5E4 /* Main.storyboard in Resources */,
			);
			runOnlyForDeploymentPostprocessing = 0;
		};
/* End PBXResourcesBuildPhase section */

/* Begin PBXSourcesBuildPhase section */
		503445EF1F3DB3EA0039D5E4 /* Sources */ = {
			isa = PBXSourcesBuildPhase;
			buildActionMask = 2147483647;
			files = (
				503445F91F3DB3EA0039D5E4 /* ViewController.swift in Sources */,
				503445F71F3DB3EA0039D5E4 /* AppDelegate.swift in Sources */,
			);
			runOnlyForDeploymentPostprocessing = 0;
		};
/* End PBXSourcesBuildPhase section */

/* Begin PBXTargetDependency section */
		5034461B1F3DB55A0039D5E4 /* PBXTargetDependency */ = {
			isa = PBXTargetDependency;
			name = Mocker;
			targetProxy = 5034461A1F3DB55A0039D5E4 /* PBXContainerItemProxy */;
		};
		503446221F3DB5700039D5E4 /* PBXTargetDependency */ = {
			isa = PBXTargetDependency;
			name = Mocker;
			targetProxy = 503446211F3DB5700039D5E4 /* PBXContainerItemProxy */;
		};
/* End PBXTargetDependency section */

/* Begin PBXVariantGroup section */
		503445FA1F3DB3EA0039D5E4 /* Main.storyboard */ = {
			isa = PBXVariantGroup;
			children = (
				503445FB1F3DB3EA0039D5E4 /* Base */,
			);
			name = Main.storyboard;
			sourceTree = "<group>";
		};
		503445FF1F3DB3EA0039D5E4 /* LaunchScreen.storyboard */ = {
			isa = PBXVariantGroup;
			children = (
				503446001F3DB3EA0039D5E4 /* Base */,
			);
			name = LaunchScreen.storyboard;
			sourceTree = "<group>";
		};
/* End PBXVariantGroup section */

/* Begin XCBuildConfiguration section */
		503446031F3DB3EA0039D5E4 /* Debug */ = {
			isa = XCBuildConfiguration;
			buildSettings = {
				ALWAYS_SEARCH_USER_PATHS = NO;
				CLANG_ANALYZER_NONNULL = YES;
				CLANG_ANALYZER_NUMBER_OBJECT_CONVERSION = YES_AGGRESSIVE;
				CLANG_CXX_LANGUAGE_STANDARD = "gnu++0x";
				CLANG_CXX_LIBRARY = "libc++";
				CLANG_ENABLE_MODULES = YES;
				CLANG_ENABLE_OBJC_ARC = YES;
				CLANG_WARN_BOOL_CONVERSION = YES;
				CLANG_WARN_CONSTANT_CONVERSION = YES;
				CLANG_WARN_DIRECT_OBJC_ISA_USAGE = YES_ERROR;
				CLANG_WARN_DOCUMENTATION_COMMENTS = YES;
				CLANG_WARN_EMPTY_BODY = YES;
				CLANG_WARN_ENUM_CONVERSION = YES;
				CLANG_WARN_INFINITE_RECURSION = YES;
				CLANG_WARN_INT_CONVERSION = YES;
				CLANG_WARN_OBJC_ROOT_CLASS = YES_ERROR;
				CLANG_WARN_SUSPICIOUS_MOVE = YES;
				CLANG_WARN_UNREACHABLE_CODE = YES;
				CLANG_WARN__DUPLICATE_METHOD_MATCH = YES;
				"CODE_SIGN_IDENTITY[sdk=iphoneos*]" = "iPhone Developer";
				COPY_PHASE_STRIP = NO;
				DEBUG_INFORMATION_FORMAT = dwarf;
				ENABLE_STRICT_OBJC_MSGSEND = YES;
				ENABLE_TESTABILITY = YES;
				GCC_C_LANGUAGE_STANDARD = gnu99;
				GCC_DYNAMIC_NO_PIC = NO;
				GCC_NO_COMMON_BLOCKS = YES;
				GCC_OPTIMIZATION_LEVEL = 0;
				GCC_PREPROCESSOR_DEFINITIONS = (
					"DEBUG=1",
					"$(inherited)",
				);
				GCC_WARN_64_TO_32_BIT_CONVERSION = YES;
				GCC_WARN_ABOUT_RETURN_TYPE = YES_ERROR;
				GCC_WARN_UNDECLARED_SELECTOR = YES;
				GCC_WARN_UNINITIALIZED_AUTOS = YES_AGGRESSIVE;
				GCC_WARN_UNUSED_FUNCTION = YES;
				GCC_WARN_UNUSED_VARIABLE = YES;
				IPHONEOS_DEPLOYMENT_TARGET = 10.3;
				MTL_ENABLE_DEBUG_INFO = YES;
				ONLY_ACTIVE_ARCH = YES;
				SDKROOT = iphoneos;
				SWIFT_ACTIVE_COMPILATION_CONDITIONS = DEBUG;
				SWIFT_OPTIMIZATION_LEVEL = "-Onone";
				TARGETED_DEVICE_FAMILY = "1,2";
			};
			name = Debug;
		};
		503446041F3DB3EA0039D5E4 /* Release */ = {
			isa = XCBuildConfiguration;
			buildSettings = {
				ALWAYS_SEARCH_USER_PATHS = NO;
				CLANG_ANALYZER_NONNULL = YES;
				CLANG_ANALYZER_NUMBER_OBJECT_CONVERSION = YES_AGGRESSIVE;
				CLANG_CXX_LANGUAGE_STANDARD = "gnu++0x";
				CLANG_CXX_LIBRARY = "libc++";
				CLANG_ENABLE_MODULES = YES;
				CLANG_ENABLE_OBJC_ARC = YES;
				CLANG_WARN_BOOL_CONVERSION = YES;
				CLANG_WARN_CONSTANT_CONVERSION = YES;
				CLANG_WARN_DIRECT_OBJC_ISA_USAGE = YES_ERROR;
				CLANG_WARN_DOCUMENTATION_COMMENTS = YES;
				CLANG_WARN_EMPTY_BODY = YES;
				CLANG_WARN_ENUM_CONVERSION = YES;
				CLANG_WARN_INFINITE_RECURSION = YES;
				CLANG_WARN_INT_CONVERSION = YES;
				CLANG_WARN_OBJC_ROOT_CLASS = YES_ERROR;
				CLANG_WARN_SUSPICIOUS_MOVE = YES;
				CLANG_WARN_UNREACHABLE_CODE = YES;
				CLANG_WARN__DUPLICATE_METHOD_MATCH = YES;
				"CODE_SIGN_IDENTITY[sdk=iphoneos*]" = "iPhone Developer";
				COPY_PHASE_STRIP = NO;
				DEBUG_INFORMATION_FORMAT = "dwarf-with-dsym";
				ENABLE_NS_ASSERTIONS = NO;
				ENABLE_STRICT_OBJC_MSGSEND = YES;
				GCC_C_LANGUAGE_STANDARD = gnu99;
				GCC_NO_COMMON_BLOCKS = YES;
				GCC_WARN_64_TO_32_BIT_CONVERSION = YES;
				GCC_WARN_ABOUT_RETURN_TYPE = YES_ERROR;
				GCC_WARN_UNDECLARED_SELECTOR = YES;
				GCC_WARN_UNINITIALIZED_AUTOS = YES_AGGRESSIVE;
				GCC_WARN_UNUSED_FUNCTION = YES;
				GCC_WARN_UNUSED_VARIABLE = YES;
				IPHONEOS_DEPLOYMENT_TARGET = 10.3;
				MTL_ENABLE_DEBUG_INFO = NO;
				SDKROOT = iphoneos;
				SWIFT_OPTIMIZATION_LEVEL = "-Owholemodule";
				TARGETED_DEVICE_FAMILY = "1,2";
				VALIDATE_PRODUCT = YES;
			};
			name = Release;
		};
		503446061F3DB3EA0039D5E4 /* Debug */ = {
			isa = XCBuildConfiguration;
			buildSettings = {
				ALWAYS_EMBED_SWIFT_STANDARD_LIBRARIES = YES;
				ASSETCATALOG_COMPILER_APPICON_NAME = AppIcon;
				DEVELOPMENT_TEAM = GLJTT4T544;
				INFOPLIST_FILE = "Mocker-Example/Info.plist";
				LD_RUNPATH_SEARCH_PATHS = "$(inherited) @executable_path/Frameworks";
				PRODUCT_BUNDLE_IDENTIFIER = "com.wetransfer.Mocker-Example";
				PRODUCT_NAME = "$(TARGET_NAME)";
				SWIFT_VERSION = 3.0;
			};
			name = Debug;
		};
		503446071F3DB3EA0039D5E4 /* Release */ = {
			isa = XCBuildConfiguration;
			buildSettings = {
				ALWAYS_EMBED_SWIFT_STANDARD_LIBRARIES = YES;
				ASSETCATALOG_COMPILER_APPICON_NAME = AppIcon;
				DEVELOPMENT_TEAM = GLJTT4T544;
				INFOPLIST_FILE = "Mocker-Example/Info.plist";
				LD_RUNPATH_SEARCH_PATHS = "$(inherited) @executable_path/Frameworks";
				PRODUCT_BUNDLE_IDENTIFIER = "com.wetransfer.Mocker-Example";
				PRODUCT_NAME = "$(TARGET_NAME)";
				SWIFT_VERSION = 3.0;
			};
			name = Release;
		};
/* End XCBuildConfiguration section */

/* Begin XCConfigurationList section */
		503445EE1F3DB3E90039D5E4 /* Build configuration list for PBXProject "Mocker-Example" */ = {
			isa = XCConfigurationList;
			buildConfigurations = (
				503446031F3DB3EA0039D5E4 /* Debug */,
				503446041F3DB3EA0039D5E4 /* Release */,
			);
			defaultConfigurationIsVisible = 0;
			defaultConfigurationName = Release;
		};
		503446051F3DB3EA0039D5E4 /* Build configuration list for PBXNativeTarget "Mocker-Example" */ = {
			isa = XCConfigurationList;
			buildConfigurations = (
				503446061F3DB3EA0039D5E4 /* Debug */,
				503446071F3DB3EA0039D5E4 /* Release */,
			);
			defaultConfigurationIsVisible = 0;
			defaultConfigurationName = Release;
		};
/* End XCConfigurationList section */
	};
	rootObject = 503445EB1F3DB3E90039D5E4 /* Project object */;
}
