// !$*UTF8*$!
{
	archiveVersion = 1;
	classes = {
	};
	objectVersion = 46;
	objects = {

/* Begin PBXBuildFile section */
		501B8FC4247E89C600B885F4 /* XCTest+Mocker.swift in Sources */ = {isa = PBXBuildFile; fileRef = 501B8FC3247E89C600B885F4 /* XCTest+Mocker.swift */; };
		501E269E1F3DAE370048F39E /* Mocker.framework in Frameworks */ = {isa = PBXBuildFile; fileRef = 501E26941F3DAE370048F39E /* Mocker.framework */; };
		503446171F3DB4660039D5E4 /* Mock.swift in Sources */ = {isa = PBXBuildFile; fileRef = 503446141F3DB4660039D5E4 /* Mock.swift */; };
		503446181F3DB4660039D5E4 /* Mocker.swift in Sources */ = {isa = PBXBuildFile; fileRef = 503446151F3DB4660039D5E4 /* Mocker.swift */; };
		503446191F3DB4660039D5E4 /* MockingURLProtocol.swift in Sources */ = {isa = PBXBuildFile; fileRef = 503446161F3DB4660039D5E4 /* MockingURLProtocol.swift */; };
		50D4606E20653F1F00A85D93 /* Mocker.h in Headers */ = {isa = PBXBuildFile; fileRef = 50D4606B20653F1F00A85D93 /* Mocker.h */; settings = {ATTRIBUTES = (Public, ); }; };
		50D4607020653F2500A85D93 /* MockedData.swift in Sources */ = {isa = PBXBuildFile; fileRef = 50D4605B20653EAF00A85D93 /* MockedData.swift */; };
		50D4607120653F2700A85D93 /* MockerTests.swift in Sources */ = {isa = PBXBuildFile; fileRef = 50D4605C20653EAF00A85D93 /* MockerTests.swift */; };
		50D4607320653F4500A85D93 /* Resources in Resources */ = {isa = PBXBuildFile; fileRef = 50D4607220653F4500A85D93 /* Resources */; };
/* End PBXBuildFile section */

/* Begin PBXContainerItemProxy section */
		501E269F1F3DAE370048F39E /* PBXContainerItemProxy */ = {
			isa = PBXContainerItemProxy;
			containerPortal = 501E268B1F3DAE370048F39E /* Project object */;
			proxyType = 1;
			remoteGlobalIDString = 501E26931F3DAE370048F39E;
			remoteInfo = Mocker;
		};
/* End PBXContainerItemProxy section */

/* Begin PBXFileReference section */
		501B8FC3247E89C600B885F4 /* XCTest+Mocker.swift */ = {isa = PBXFileReference; lastKnownFileType = sourcecode.swift; path = "XCTest+Mocker.swift"; sourceTree = "<group>"; };
		501B8FC5247E8BDE00B885F4 /* README.md */ = {isa = PBXFileReference; lastKnownFileType = net.daringfireball.markdown; path = README.md; sourceTree = "<group>"; };
		501E26941F3DAE370048F39E /* Mocker.framework */ = {isa = PBXFileReference; explicitFileType = wrapper.framework; includeInIndex = 0; path = Mocker.framework; sourceTree = BUILT_PRODUCTS_DIR; };
		501E269D1F3DAE370048F39E /* MockerTests.xctest */ = {isa = PBXFileReference; explicitFileType = wrapper.cfbundle; includeInIndex = 0; path = MockerTests.xctest; sourceTree = BUILT_PRODUCTS_DIR; };
		501F8B2D237594AC008EF77E /* Mocker.podspec */ = {isa = PBXFileReference; lastKnownFileType = text; path = Mocker.podspec; sourceTree = "<group>"; };
		503446141F3DB4660039D5E4 /* Mock.swift */ = {isa = PBXFileReference; fileEncoding = 4; lastKnownFileType = sourcecode.swift; path = Mock.swift; sourceTree = "<group>"; };
		503446151F3DB4660039D5E4 /* Mocker.swift */ = {isa = PBXFileReference; fileEncoding = 4; lastKnownFileType = sourcecode.swift; path = Mocker.swift; sourceTree = "<group>"; };
		503446161F3DB4660039D5E4 /* MockingURLProtocol.swift */ = {isa = PBXFileReference; fileEncoding = 4; lastKnownFileType = sourcecode.swift; path = MockingURLProtocol.swift; sourceTree = "<group>"; };
		506277CC235F2777000A4316 /* Changelog.md */ = {isa = PBXFileReference; lastKnownFileType = net.daringfireball.markdown; path = Changelog.md; sourceTree = "<group>"; };
		50D4605B20653EAF00A85D93 /* MockedData.swift */ = {isa = PBXFileReference; fileEncoding = 4; lastKnownFileType = sourcecode.swift; path = MockedData.swift; sourceTree = "<group>"; };
		50D4605C20653EAF00A85D93 /* MockerTests.swift */ = {isa = PBXFileReference; fileEncoding = 4; lastKnownFileType = sourcecode.swift; path = MockerTests.swift; sourceTree = "<group>"; };
		50D4606320653EAF00A85D93 /* Info.plist */ = {isa = PBXFileReference; fileEncoding = 4; lastKnownFileType = text.plist.xml; path = Info.plist; sourceTree = "<group>"; };
		50D4606B20653F1F00A85D93 /* Mocker.h */ = {isa = PBXFileReference; fileEncoding = 4; lastKnownFileType = sourcecode.c.h; path = Mocker.h; sourceTree = "<group>"; };
		50D4606D20653F1F00A85D93 /* Info.plist */ = {isa = PBXFileReference; fileEncoding = 4; lastKnownFileType = text.plist.xml; path = Info.plist; sourceTree = "<group>"; };
		50D4607220653F4500A85D93 /* Resources */ = {isa = PBXFileReference; lastKnownFileType = folder; path = Resources; sourceTree = "<group>"; };
/* End PBXFileReference section */

/* Begin PBXFrameworksBuildPhase section */
		501E26901F3DAE370048F39E /* Frameworks */ = {
			isa = PBXFrameworksBuildPhase;
			buildActionMask = 2147483647;
			files = (
			);
			runOnlyForDeploymentPostprocessing = 0;
		};
		501E269A1F3DAE370048F39E /* Frameworks */ = {
			isa = PBXFrameworksBuildPhase;
			buildActionMask = 2147483647;
			files = (
				501E269E1F3DAE370048F39E /* Mocker.framework in Frameworks */,
			);
			runOnlyForDeploymentPostprocessing = 0;
		};
/* End PBXFrameworksBuildPhase section */

/* Begin PBXGroup section */
		501E268A1F3DAE370048F39E = {
			isa = PBXGroup;
			children = (
				501B8FC5247E8BDE00B885F4 /* README.md */,
				506277CC235F2777000A4316 /* Changelog.md */,
				501F8B2D237594AC008EF77E /* Mocker.podspec */,
				501E26951F3DAE370048F39E /* Products */,
				50D4606A20653F1F00A85D93 /* Mocker */,
				50D4605A20653EAF00A85D93 /* MockerTests */,
				503446131F3DB4660039D5E4 /* Sources */,
			);
			sourceTree = "<group>";
		};
		501E26951F3DAE370048F39E /* Products */ = {
			isa = PBXGroup;
			children = (
				501E26941F3DAE370048F39E /* Mocker.framework */,
				501E269D1F3DAE370048F39E /* MockerTests.xctest */,
			);
			name = Products;
			sourceTree = "<group>";
		};
		503446131F3DB4660039D5E4 /* Sources */ = {
			isa = PBXGroup;
			children = (
				503446141F3DB4660039D5E4 /* Mock.swift */,
				503446151F3DB4660039D5E4 /* Mocker.swift */,
				503446161F3DB4660039D5E4 /* MockingURLProtocol.swift */,
				501B8FC3247E89C600B885F4 /* XCTest+Mocker.swift */,
			);
			path = Sources;
			sourceTree = "<group>";
		};
		50D4605A20653EAF00A85D93 /* MockerTests */ = {
			isa = PBXGroup;
			children = (
				50D4605B20653EAF00A85D93 /* MockedData.swift */,
				50D4605C20653EAF00A85D93 /* MockerTests.swift */,
				50D4607220653F4500A85D93 /* Resources */,
				50D4606220653EAF00A85D93 /* Supporting Files */,
			);
			path = MockerTests;
			sourceTree = "<group>";
		};
		50D4606220653EAF00A85D93 /* Supporting Files */ = {
			isa = PBXGroup;
			children = (
				50D4606320653EAF00A85D93 /* Info.plist */,
			);
			path = "Supporting Files";
			sourceTree = "<group>";
		};
		50D4606A20653F1F00A85D93 /* Mocker */ = {
			isa = PBXGroup;
			children = (
				50D4606B20653F1F00A85D93 /* Mocker.h */,
				50D4606C20653F1F00A85D93 /* Supporting Files */,
			);
			path = Mocker;
			sourceTree = "<group>";
		};
		50D4606C20653F1F00A85D93 /* Supporting Files */ = {
			isa = PBXGroup;
			children = (
				50D4606D20653F1F00A85D93 /* Info.plist */,
			);
			path = "Supporting Files";
			sourceTree = "<group>";
		};
/* End PBXGroup section */

/* Begin PBXHeadersBuildPhase section */
		501E26911F3DAE370048F39E /* Headers */ = {
			isa = PBXHeadersBuildPhase;
			buildActionMask = 2147483647;
			files = (
				50D4606E20653F1F00A85D93 /* Mocker.h in Headers */,
			);
			runOnlyForDeploymentPostprocessing = 0;
		};
/* End PBXHeadersBuildPhase section */

/* Begin PBXNativeTarget section */
		501E26931F3DAE370048F39E /* Mocker */ = {
			isa = PBXNativeTarget;
			buildConfigurationList = 501E26A81F3DAE370048F39E /* Build configuration list for PBXNativeTarget "Mocker" */;
			buildPhases = (
				501E268F1F3DAE370048F39E /* Sources */,
				501E26901F3DAE370048F39E /* Frameworks */,
				501E26911F3DAE370048F39E /* Headers */,
				501E26921F3DAE370048F39E /* Resources */,
				503446441F3DE70C0039D5E4 /* SwiftLint */,
			);
			buildRules = (
			);
			dependencies = (
			);
			name = Mocker;
			productName = Mocker;
			productReference = 501E26941F3DAE370048F39E /* Mocker.framework */;
			productType = "com.apple.product-type.framework";
		};
		501E269C1F3DAE370048F39E /* MockerTests */ = {
			isa = PBXNativeTarget;
			buildConfigurationList = 501E26AB1F3DAE370048F39E /* Build configuration list for PBXNativeTarget "MockerTests" */;
			buildPhases = (
				501E26991F3DAE370048F39E /* Sources */,
				501E269A1F3DAE370048F39E /* Frameworks */,
				501E269B1F3DAE370048F39E /* Resources */,
			);
			buildRules = (
			);
			dependencies = (
				501E26A01F3DAE370048F39E /* PBXTargetDependency */,
			);
			name = MockerTests;
			productName = MockerTests;
			productReference = 501E269D1F3DAE370048F39E /* MockerTests.xctest */;
			productType = "com.apple.product-type.bundle.unit-test";
		};
/* End PBXNativeTarget section */

/* Begin PBXProject section */
		501E268B1F3DAE370048F39E /* Project object */ = {
			isa = PBXProject;
			attributes = {
				LastSwiftUpdateCheck = 0830;
				LastUpgradeCheck = 1020;
				ORGANIZATIONNAME = WeTransfer;
				TargetAttributes = {
					501E26931F3DAE370048F39E = {
						CreatedOnToolsVersion = 8.3.3;
						DevelopmentTeam = GLJTT4T544;
						LastSwiftMigration = 1020;
						ProvisioningStyle = Automatic;
					};
					501E269C1F3DAE370048F39E = {
						CreatedOnToolsVersion = 8.3.3;
						DevelopmentTeam = GLJTT4T544;
						LastSwiftMigration = 1020;
						ProvisioningStyle = Automatic;
					};
				};
			};
			buildConfigurationList = 501E268E1F3DAE370048F39E /* Build configuration list for PBXProject "Mocker" */;
			compatibilityVersion = "Xcode 3.2";
			developmentRegion = en;
			hasScannedForEncodings = 0;
			knownRegions = (
				en,
				Base,
			);
			mainGroup = 501E268A1F3DAE370048F39E;
			productRefGroup = 501E26951F3DAE370048F39E /* Products */;
			projectDirPath = "";
			projectRoot = "";
			targets = (
				501E26931F3DAE370048F39E /* Mocker */,
				501E269C1F3DAE370048F39E /* MockerTests */,
			);
		};
/* End PBXProject section */

/* Begin PBXResourcesBuildPhase section */
		501E26921F3DAE370048F39E /* Resources */ = {
			isa = PBXResourcesBuildPhase;
			buildActionMask = 2147483647;
			files = (
			);
			runOnlyForDeploymentPostprocessing = 0;
		};
		501E269B1F3DAE370048F39E /* Resources */ = {
			isa = PBXResourcesBuildPhase;
			buildActionMask = 2147483647;
			files = (
				50D4607320653F4500A85D93 /* Resources in Resources */,
			);
			runOnlyForDeploymentPostprocessing = 0;
		};
/* End PBXResourcesBuildPhase section */

/* Begin PBXShellScriptBuildPhase section */
		503446441F3DE70C0039D5E4 /* SwiftLint */ = {
			isa = PBXShellScriptBuildPhase;
			buildActionMask = 2147483647;
			files = (
			);
			inputPaths = (
			);
			name = SwiftLint;
			outputPaths = (
			);
			runOnlyForDeploymentPostprocessing = 0;
			shellPath = /bin/sh;
			shellScript = "./Submodules/WeTransfer-iOS-CI/SwiftLint/swiftlint.sh\n";
		};
/* End PBXShellScriptBuildPhase section */

/* Begin PBXSourcesBuildPhase section */
		501E268F1F3DAE370048F39E /* Sources */ = {
			isa = PBXSourcesBuildPhase;
			buildActionMask = 2147483647;
			files = (
				503446191F3DB4660039D5E4 /* MockingURLProtocol.swift in Sources */,
				501B8FC4247E89C600B885F4 /* XCTest+Mocker.swift in Sources */,
				503446181F3DB4660039D5E4 /* Mocker.swift in Sources */,
				503446171F3DB4660039D5E4 /* Mock.swift in Sources */,
			);
			runOnlyForDeploymentPostprocessing = 0;
		};
		501E26991F3DAE370048F39E /* Sources */ = {
			isa = PBXSourcesBuildPhase;
			buildActionMask = 2147483647;
			files = (
				50D4607120653F2700A85D93 /* MockerTests.swift in Sources */,
				50D4607020653F2500A85D93 /* MockedData.swift in Sources */,
			);
			runOnlyForDeploymentPostprocessing = 0;
		};
/* End PBXSourcesBuildPhase section */

/* Begin PBXTargetDependency section */
		501E26A01F3DAE370048F39E /* PBXTargetDependency */ = {
			isa = PBXTargetDependency;
			target = 501E26931F3DAE370048F39E /* Mocker */;
			targetProxy = 501E269F1F3DAE370048F39E /* PBXContainerItemProxy */;
		};
/* End PBXTargetDependency section */

/* Begin XCBuildConfiguration section */
		501E26A61F3DAE370048F39E /* Debug */ = {
			isa = XCBuildConfiguration;
			buildSettings = {
				ALWAYS_SEARCH_USER_PATHS = NO;
				CLANG_ANALYZER_LOCALIZABILITY_NONLOCALIZED = YES;
				CLANG_ANALYZER_NONNULL = YES;
				CLANG_ANALYZER_NUMBER_OBJECT_CONVERSION = YES_AGGRESSIVE;
				CLANG_CXX_LANGUAGE_STANDARD = "gnu++0x";
				CLANG_CXX_LIBRARY = "libc++";
				CLANG_ENABLE_MODULES = YES;
				CLANG_ENABLE_OBJC_ARC = YES;
				CLANG_WARN_BLOCK_CAPTURE_AUTORELEASING = YES;
				CLANG_WARN_BOOL_CONVERSION = YES;
				CLANG_WARN_COMMA = YES;
				CLANG_WARN_CONSTANT_CONVERSION = YES;
				CLANG_WARN_DEPRECATED_OBJC_IMPLEMENTATIONS = YES;
				CLANG_WARN_DIRECT_OBJC_ISA_USAGE = YES_ERROR;
				CLANG_WARN_DOCUMENTATION_COMMENTS = YES;
				CLANG_WARN_EMPTY_BODY = YES;
				CLANG_WARN_ENUM_CONVERSION = YES;
				CLANG_WARN_INFINITE_RECURSION = YES;
				CLANG_WARN_INT_CONVERSION = YES;
				CLANG_WARN_NON_LITERAL_NULL_CONVERSION = YES;
				CLANG_WARN_OBJC_IMPLICIT_RETAIN_SELF = YES;
				CLANG_WARN_OBJC_LITERAL_CONVERSION = YES;
				CLANG_WARN_OBJC_ROOT_CLASS = YES_ERROR;
				CLANG_WARN_RANGE_LOOP_ANALYSIS = YES;
				CLANG_WARN_STRICT_PROTOTYPES = YES;
				CLANG_WARN_SUSPICIOUS_MOVE = YES;
				CLANG_WARN_UNREACHABLE_CODE = YES;
				CLANG_WARN__DUPLICATE_METHOD_MATCH = YES;
				"CODE_SIGN_IDENTITY[sdk=iphoneos*]" = "iPhone Developer";
				COPY_PHASE_STRIP = NO;
				CURRENT_PROJECT_VERSION = 1;
				DEBUG_INFORMATION_FORMAT = dwarf;
				ENABLE_STRICT_OBJC_MSGSEND = YES;
				ENABLE_TESTABILITY = YES;
				GCC_C_LANGUAGE_STANDARD = gnu99;
				GCC_DYNAMIC_NO_PIC = NO;
				GCC_NO_COMMON_BLOCKS = YES;
				GCC_OPTIMIZATION_LEVEL = 0;
				GCC_PREPROCESSOR_DEFINITIONS = (
					"DEBUG=1",
					"$(inherited)",
				);
				GCC_WARN_64_TO_32_BIT_CONVERSION = YES;
				GCC_WARN_ABOUT_RETURN_TYPE = YES_ERROR;
				GCC_WARN_UNDECLARED_SELECTOR = YES;
				GCC_WARN_UNINITIALIZED_AUTOS = YES_AGGRESSIVE;
				GCC_WARN_UNUSED_FUNCTION = YES;
				GCC_WARN_UNUSED_VARIABLE = YES;
				IPHONEOS_DEPLOYMENT_TARGET = 10.3;
				MTL_ENABLE_DEBUG_INFO = YES;
				ONLY_ACTIVE_ARCH = YES;
				SDKROOT = iphoneos;
				SWIFT_ACTIVE_COMPILATION_CONDITIONS = DEBUG;
				SWIFT_OPTIMIZATION_LEVEL = "-Onone";
				SWIFT_VERSION = 4.0;
				TARGETED_DEVICE_FAMILY = "1,2";
				VERSIONING_SYSTEM = "apple-generic";
				VERSION_INFO_PREFIX = "";
			};
			name = Debug;
		};
		501E26A71F3DAE370048F39E /* Release */ = {
			isa = XCBuildConfiguration;
			buildSettings = {
				ALWAYS_SEARCH_USER_PATHS = NO;
				CLANG_ANALYZER_LOCALIZABILITY_NONLOCALIZED = YES;
				CLANG_ANALYZER_NONNULL = YES;
				CLANG_ANALYZER_NUMBER_OBJECT_CONVERSION = YES_AGGRESSIVE;
				CLANG_CXX_LANGUAGE_STANDARD = "gnu++0x";
				CLANG_CXX_LIBRARY = "libc++";
				CLANG_ENABLE_MODULES = YES;
				CLANG_ENABLE_OBJC_ARC = YES;
				CLANG_WARN_BLOCK_CAPTURE_AUTORELEASING = YES;
				CLANG_WARN_BOOL_CONVERSION = YES;
				CLANG_WARN_COMMA = YES;
				CLANG_WARN_CONSTANT_CONVERSION = YES;
				CLANG_WARN_DEPRECATED_OBJC_IMPLEMENTATIONS = YES;
				CLANG_WARN_DIRECT_OBJC_ISA_USAGE = YES_ERROR;
				CLANG_WARN_DOCUMENTATION_COMMENTS = YES;
				CLANG_WARN_EMPTY_BODY = YES;
				CLANG_WARN_ENUM_CONVERSION = YES;
				CLANG_WARN_INFINITE_RECURSION = YES;
				CLANG_WARN_INT_CONVERSION = YES;
				CLANG_WARN_NON_LITERAL_NULL_CONVERSION = YES;
				CLANG_WARN_OBJC_IMPLICIT_RETAIN_SELF = YES;
				CLANG_WARN_OBJC_LITERAL_CONVERSION = YES;
				CLANG_WARN_OBJC_ROOT_CLASS = YES_ERROR;
				CLANG_WARN_RANGE_LOOP_ANALYSIS = YES;
				CLANG_WARN_STRICT_PROTOTYPES = YES;
				CLANG_WARN_SUSPICIOUS_MOVE = YES;
				CLANG_WARN_UNREACHABLE_CODE = YES;
				CLANG_WARN__DUPLICATE_METHOD_MATCH = YES;
				"CODE_SIGN_IDENTITY[sdk=iphoneos*]" = "iPhone Developer";
				COPY_PHASE_STRIP = NO;
				CURRENT_PROJECT_VERSION = 1;
				DEBUG_INFORMATION_FORMAT = "dwarf-with-dsym";
				ENABLE_NS_ASSERTIONS = NO;
				ENABLE_STRICT_OBJC_MSGSEND = YES;
				GCC_C_LANGUAGE_STANDARD = gnu99;
				GCC_NO_COMMON_BLOCKS = YES;
				GCC_WARN_64_TO_32_BIT_CONVERSION = YES;
				GCC_WARN_ABOUT_RETURN_TYPE = YES_ERROR;
				GCC_WARN_UNDECLARED_SELECTOR = YES;
				GCC_WARN_UNINITIALIZED_AUTOS = YES_AGGRESSIVE;
				GCC_WARN_UNUSED_FUNCTION = YES;
				GCC_WARN_UNUSED_VARIABLE = YES;
				IPHONEOS_DEPLOYMENT_TARGET = 10.3;
				MTL_ENABLE_DEBUG_INFO = NO;
				SDKROOT = iphoneos;
				SWIFT_OPTIMIZATION_LEVEL = "-Owholemodule";
				SWIFT_VERSION = 4.0;
				TARGETED_DEVICE_FAMILY = "1,2";
				VALIDATE_PRODUCT = YES;
				VERSIONING_SYSTEM = "apple-generic";
				VERSION_INFO_PREFIX = "";
			};
			name = Release;
		};
		501E26A91F3DAE370048F39E /* Debug */ = {
			isa = XCBuildConfiguration;
			buildSettings = {
				CODE_SIGN_IDENTITY = "";
				DEFINES_MODULE = YES;
				DEVELOPMENT_TEAM = GLJTT4T544;
				DYLIB_COMPATIBILITY_VERSION = 1;
				DYLIB_CURRENT_VERSION = 1;
				DYLIB_INSTALL_NAME_BASE = "@rpath";
				FRAMEWORK_SEARCH_PATHS = (
					"$(PLATFORM_DIR)/Developer/Library/Frameworks\n$(PLATFORM_DIR)/Developer/Library/Frameworks",
				);
				INFOPLIST_FILE = "Mocker/Supporting Files/Info.plist";
				INSTALL_PATH = "$(LOCAL_LIBRARY_DIR)/Frameworks";
				IPHONEOS_DEPLOYMENT_TARGET = 10.0;
				LD_RUNPATH_SEARCH_PATHS = "$(inherited) @executable_path/Frameworks @loader_path/Frameworks";
				PRODUCT_BUNDLE_IDENTIFIER = com.wetransfer.Mocker;
				PRODUCT_NAME = "$(TARGET_NAME)";
				SKIP_INSTALL = YES;
				SWIFT_VERSION = 5.0;
			};
			name = Debug;
		};
		501E26AA1F3DAE370048F39E /* Release */ = {
			isa = XCBuildConfiguration;
			buildSettings = {
				CODE_SIGN_IDENTITY = "";
				DEFINES_MODULE = YES;
				DEVELOPMENT_TEAM = GLJTT4T544;
				DYLIB_COMPATIBILITY_VERSION = 1;
				DYLIB_CURRENT_VERSION = 1;
				DYLIB_INSTALL_NAME_BASE = "@rpath";
				FRAMEWORK_SEARCH_PATHS = (
					"$(PLATFORM_DIR)/Developer/Library/Frameworks\n$(PLATFORM_DIR)/Developer/Library/Frameworks",
				);
				INFOPLIST_FILE = "Mocker/Supporting Files/Info.plist";
				INSTALL_PATH = "$(LOCAL_LIBRARY_DIR)/Frameworks";
				IPHONEOS_DEPLOYMENT_TARGET = 10.0;
				LD_RUNPATH_SEARCH_PATHS = "$(inherited) @executable_path/Frameworks @loader_path/Frameworks";
				PRODUCT_BUNDLE_IDENTIFIER = com.wetransfer.Mocker;
				PRODUCT_NAME = "$(TARGET_NAME)";
				SKIP_INSTALL = YES;
				SWIFT_VERSION = 5.0;
			};
			name = Release;
		};
		501E26AC1F3DAE370048F39E /* Debug */ = {
			isa = XCBuildConfiguration;
			buildSettings = {
				ALWAYS_EMBED_SWIFT_STANDARD_LIBRARIES = YES;
				DEVELOPMENT_TEAM = GLJTT4T544;
				INFOPLIST_FILE = "MockerTests/Supporting Files/Info.plist";
				LD_RUNPATH_SEARCH_PATHS = "$(inherited) @executable_path/Frameworks @loader_path/Frameworks";
				PRODUCT_BUNDLE_IDENTIFIER = com.wetransfer.MockerTests;
				PRODUCT_NAME = "$(TARGET_NAME)";
				SWIFT_VERSION = 5.0;
			};
			name = Debug;
		};
		501E26AD1F3DAE370048F39E /* Release */ = {
			isa = XCBuildConfiguration;
			buildSettings = {
				ALWAYS_EMBED_SWIFT_STANDARD_LIBRARIES = YES;
				DEVELOPMENT_TEAM = GLJTT4T544;
				INFOPLIST_FILE = "MockerTests/Supporting Files/Info.plist";
				LD_RUNPATH_SEARCH_PATHS = "$(inherited) @executable_path/Frameworks @loader_path/Frameworks";
				PRODUCT_BUNDLE_IDENTIFIER = com.wetransfer.MockerTests;
				PRODUCT_NAME = "$(TARGET_NAME)";
				SWIFT_VERSION = 5.0;
			};
			name = Release;
		};
/* End XCBuildConfiguration section */

/* Begin XCConfigurationList section */
		501E268E1F3DAE370048F39E /* Build configuration list for PBXProject "Mocker" */ = {
			isa = XCConfigurationList;
			buildConfigurations = (
				501E26A61F3DAE370048F39E /* Debug */,
				501E26A71F3DAE370048F39E /* Release */,
			);
			defaultConfigurationIsVisible = 0;
			defaultConfigurationName = Release;
		};
		501E26A81F3DAE370048F39E /* Build configuration list for PBXNativeTarget "Mocker" */ = {
			isa = XCConfigurationList;
			buildConfigurations = (
				501E26A91F3DAE370048F39E /* Debug */,
				501E26AA1F3DAE370048F39E /* Release */,
			);
			defaultConfigurationIsVisible = 0;
			defaultConfigurationName = Release;
		};
		501E26AB1F3DAE370048F39E /* Build configuration list for PBXNativeTarget "MockerTests" */ = {
			isa = XCConfigurationList;
			buildConfigurations = (
				501E26AC1F3DAE370048F39E /* Debug */,
				501E26AD1F3DAE370048F39E /* Release */,
			);
			defaultConfigurationIsVisible = 0;
			defaultConfigurationName = Release;
		};
/* End XCConfigurationList section */
	};
	rootObject = 501E268B1F3DAE370048F39E /* Project object */;
}
